
Microsoft Visual Studio Solution File, Format Version 12.00
# Visual Studio Version 17
VisualStudioVersion = 17.7.34003.232
MinimumVisualStudioVersion = 10.0.40219.1
Project("{FAE04EC0-301F-11D3-BF4B-00C04F79EFBC}") = "ConsoleAppTest", "ConsoleAppTest\ConsoleAppTest.csproj", "{C9C3B787-AE04-49BF-A12A-01AAC6DC9AC5}"
EndProject
Project("{FAE04EC0-301F-11D3-BF4B-00C04F79EFBC}") = "WebApplication1", "WebApplication1\WebApplication1.csproj", "{3D66AC6F-EA81-44B0-9056-49583B6AD5D4}"
EndProject
Global
	GlobalSection(SolutionConfigurationPlatforms) = preSolution
		Debug|Any CPU = Debug|Any CPU
		Release|Any CPU = Release|Any CPU
	EndGlobalSection
	GlobalSection(ProjectConfigurationPlatforms) = postSolution
		{C9C3B787-AE04-49BF-A12A-01AAC6DC9AC5}.Debug|Any CPU.ActiveCfg = Debug|Any CPU
		{C9C3B787-AE04-49BF-A12A-01AAC6DC9AC5}.Debug|Any CPU.Build.0 = Debug|Any CPU
		{C9C3B787-AE04-49BF-A12A-01AAC6DC9AC5}.Release|Any CPU.ActiveCfg = Release|Any CPU
		{C9C3B787-AE04-49BF-A12A-01AAC6DC9AC5}.Release|Any CPU.Build.0 = Release|Any CPU
		{3D66AC6F-EA81-44B0-9056-49583B6AD5D4}.Debug|Any CPU.ActiveCfg = Debug|Any CPU
		{3D66AC6F-EA81-44B0-9056-49583B6AD5D4}.Debug|Any CPU.Build.0 = Debug|Any CPU
		{3D66AC6F-EA81-44B0-9056-49583B6AD5D4}.Release|Any CPU.ActiveCfg = Release|Any CPU
		{3D66AC6F-EA81-44B0-9056-49583B6AD5D4}.Release|Any CPU.Build.0 = Release|Any CPU
	EndGlobalSection
	GlobalSection(SolutionProperties) = preSolution
		HideSolutionNode = FALSE
	EndGlobalSection
	GlobalSection(ExtensibilityGlobals) = postSolution
		SolutionGuid = {C0D528C4-9EF1-40D8-A0B7-6F212131B447}
	EndGlobalSection
EndGlobal
